
Microsoft Visual Studio Solution File, Format Version 12.00
# Visual Studio 15
VisualStudioVersion = 15.0.27130.2026
MinimumVisualStudioVersion = 10.0.40219.1
Project("{9A19103F-16F7-4668-BE54-9A1E7A4F7556}") = "wimixapi", "wimixapi\wimixapi.csproj", "{77232659-C776-4D1E-BE53-7D44A3CDB10B}"
EndProject
Project("{9A19103F-16F7-4668-BE54-9A1E7A4F7556}") = "wimixapi.Test", "wimixapi.Test\wimixapi.Test.csproj", "{A324E4D8-ED22-4139-8969-B9D5D2CC9699}"
EndProject
Global
	GlobalSection(SolutionConfigurationPlatforms) = preSolution
		Debug|Any CPU = Debug|Any CPU
		Release|Any CPU = Release|Any CPU
	EndGlobalSection
	GlobalSection(ProjectConfigurationPlatforms) = postSolution
		{77232659-C776-4D1E-BE53-7D44A3CDB10B}.Debug|Any CPU.ActiveCfg = Debug|Any CPU
		{77232659-C776-4D1E-BE53-7D44A3CDB10B}.Debug|Any CPU.Build.0 = Debug|Any CPU
		{77232659-C776-4D1E-BE53-7D44A3CDB10B}.Release|Any CPU.ActiveCfg = Release|Any CPU
		{77232659-C776-4D1E-BE53-7D44A3CDB10B}.Release|Any CPU.Build.0 = Release|Any CPU
		{A324E4D8-ED22-4139-8969-B9D5D2CC9699}.Debug|Any CPU.ActiveCfg = Debug|Any CPU
		{A324E4D8-ED22-4139-8969-B9D5D2CC9699}.Debug|Any CPU.Build.0 = Debug|Any CPU
		{A324E4D8-ED22-4139-8969-B9D5D2CC9699}.Release|Any CPU.ActiveCfg = Release|Any CPU
		{A324E4D8-ED22-4139-8969-B9D5D2CC9699}.Release|Any CPU.Build.0 = Release|Any CPU
	EndGlobalSection
	GlobalSection(SolutionProperties) = preSolution
		HideSolutionNode = FALSE
	EndGlobalSection
	GlobalSection(ExtensibilityGlobals) = postSolution
		SolutionGuid = {69374EEE-90B4-4053-A473-7066BBD1280E}
	EndGlobalSection
EndGlobal
